
Microsoft Visual Studio Solution File, Format Version 12.00
# Visual Studio Version 17
VisualStudioVersion = 17.4.33213.308
MinimumVisualStudioVersion = 10.0.40219.1
Project("{FAE04EC0-301F-11D3-BF4B-00C04F79EFBC}") = "Observer", "Observer\Observer.csproj", "{2771F80A-4BA8-4F2A-852A-091DAE5DDCA6}"
EndProject
Global
	GlobalSection(SolutionConfigurationPlatforms) = preSolution
		Debug|Any CPU = Debug|Any CPU
		Release|Any CPU = Release|Any CPU
	EndGlobalSection
	GlobalSection(ProjectConfigurationPlatforms) = postSolution
		{2771F80A-4BA8-4F2A-852A-091DAE5DDCA6}.Debug|Any CPU.ActiveCfg = Debug|Any CPU
		{2771F80A-4BA8-4F2A-852A-091DAE5DDCA6}.Debug|Any CPU.Build.0 = Debug|Any CPU
		{2771F80A-4BA8-4F2A-852A-091DAE5DDCA6}.Release|Any CPU.ActiveCfg = Release|Any CPU
		{2771F80A-4BA8-4F2A-852A-091DAE5DDCA6}.Release|Any CPU.Build.0 = Release|Any CPU
	EndGlobalSection
	GlobalSection(SolutionProperties) = preSolution
		HideSolutionNode = FALSE
	EndGlobalSection
	GlobalSection(ExtensibilityGlobals) = postSolution
		SolutionGuid = {C51AF46A-579D-4E09-AEE5-28A5D72A3480}
	EndGlobalSection
EndGlobal
